// !$*UTF8*$!
{
	archiveVersion = 1;
	classes = {
	};
	objectVersion = 50;
	objects = {

/* Begin PBXBuildFile section */
		D72555822523CE44002ACCCB /* PokemonName.swift in Sources */ = {isa = PBXBuildFile; fileRef = D72555812523CE44002ACCCB /* PokemonName.swift */; };
		D749CAC92523D25200F975EA /* ContentData.swift in Sources */ = {isa = PBXBuildFile; fileRef = D749CAC82523D25200F975EA /* ContentData.swift */; };
		D749CACB2523E91D00F975EA /* DetailsViewController.swift in Sources */ = {isa = PBXBuildFile; fileRef = D749CACA2523E91D00F975EA /* DetailsViewController.swift */; };
		D7A359272523C8EC00420D29 /* AppDelegate.swift in Sources */ = {isa = PBXBuildFile; fileRef = D7A359262523C8EC00420D29 /* AppDelegate.swift */; };
		D7A359292523C8EC00420D29 /* SceneDelegate.swift in Sources */ = {isa = PBXBuildFile; fileRef = D7A359282523C8EC00420D29 /* SceneDelegate.swift */; };
		D7A3592B2523C8EC00420D29 /* ViewController.swift in Sources */ = {isa = PBXBuildFile; fileRef = D7A3592A2523C8EC00420D29 /* ViewController.swift */; };
		D7A3592E2523C8EC00420D29 /* Main.storyboard in Resources */ = {isa = PBXBuildFile; fileRef = D7A3592C2523C8EC00420D29 /* Main.storyboard */; };
		D7A359302523C8EF00420D29 /* Assets.xcassets in Resources */ = {isa = PBXBuildFile; fileRef = D7A3592F2523C8EF00420D29 /* Assets.xcassets */; };
		D7A359332523C8EF00420D29 /* LaunchScreen.storyboard in Resources */ = {isa = PBXBuildFile; fileRef = D7A359312523C8EF00420D29 /* LaunchScreen.storyboard */; };
		D7A3593C2523CC1D00420D29 /* Constants.swift in Sources */ = {isa = PBXBuildFile; fileRef = D7A3593B2523CC1D00420D29 /* Constants.swift */; };
		D7EC60D02523F24B0075B144 /* PokemonDetails.swift in Sources */ = {isa = PBXBuildFile; fileRef = D7EC60CF2523F24B0075B144 /* PokemonDetails.swift */; };
/* End PBXBuildFile section */

/* Begin PBXFileReference section */
		D72555812523CE44002ACCCB /* PokemonName.swift */ = {isa = PBXFileReference; lastKnownFileType = sourcecode.swift; path = PokemonName.swift; sourceTree = "<group>"; };
		D749CAC82523D25200F975EA /* ContentData.swift */ = {isa = PBXFileReference; lastKnownFileType = sourcecode.swift; path = ContentData.swift; sourceTree = "<group>"; };
		D749CACA2523E91D00F975EA /* DetailsViewController.swift */ = {isa = PBXFileReference; lastKnownFileType = sourcecode.swift; path = DetailsViewController.swift; sourceTree = "<group>"; };
		D7A359232523C8EC00420D29 /* List-Pokemon!.app */ = {isa = PBXFileReference; explicitFileType = wrapper.application; includeInIndex = 0; path = "List-Pokemon!.app"; sourceTree = BUILT_PRODUCTS_DIR; };
		D7A359262523C8EC00420D29 /* AppDelegate.swift */ = {isa = PBXFileReference; lastKnownFileType = sourcecode.swift; path = AppDelegate.swift; sourceTree = "<group>"; };
		D7A359282523C8EC00420D29 /* SceneDelegate.swift */ = {isa = PBXFileReference; lastKnownFileType = sourcecode.swift; path = SceneDelegate.swift; sourceTree = "<group>"; };
		D7A3592A2523C8EC00420D29 /* ViewController.swift */ = {isa = PBXFileReference; lastKnownFileType = sourcecode.swift; path = ViewController.swift; sourceTree = "<group>"; };
		D7A3592D2523C8EC00420D29 /* Base */ = {isa = PBXFileReference; lastKnownFileType = file.storyboard; name = Base; path = Base.lproj/Main.storyboard; sourceTree = "<group>"; };
		D7A3592F2523C8EF00420D29 /* Assets.xcassets */ = {isa = PBXFileReference; lastKnownFileType = folder.assetcatalog; path = Assets.xcassets; sourceTree = "<group>"; };
		D7A359322523C8EF00420D29 /* Base */ = {isa = PBXFileReference; lastKnownFileType = file.storyboard; name = Base; path = Base.lproj/LaunchScreen.storyboard; sourceTree = "<group>"; };
		D7A359342523C8EF00420D29 /* Info.plist */ = {isa = PBXFileReference; lastKnownFileType = text.plist.xml; path = Info.plist; sourceTree = "<group>"; };
		D7A3593B2523CC1D00420D29 /* Constants.swift */ = {isa = PBXFileReference; lastKnownFileType = sourcecode.swift; path = Constants.swift; sourceTree = "<group>"; };
		D7EC60CF2523F24B0075B144 /* PokemonDetails.swift */ = {isa = PBXFileReference; lastKnownFileType = sourcecode.swift; path = PokemonDetails.swift; sourceTree = "<group>"; };
/* End PBXFileReference section */

/* Begin PBXFrameworksBuildPhase section */
		D7A359202523C8EC00420D29 /* Frameworks */ = {
			isa = PBXFrameworksBuildPhase;
			buildActionMask = 2147483647;
			files = (
			);
			runOnlyForDeploymentPostprocessing = 0;
		};
/* End PBXFrameworksBuildPhase section */

/* Begin PBXGroup section */
		D72555832523CE5D002ACCCB /* Models */ = {
			isa = PBXGroup;
			children = (
				D72555812523CE44002ACCCB /* PokemonName.swift */,
				D749CAC82523D25200F975EA /* ContentData.swift */,
				D7EC60CF2523F24B0075B144 /* PokemonDetails.swift */,
			);
			path = Models;
			sourceTree = "<group>";
		};
		D749CACC2523E93400F975EA /* Controller */ = {
			isa = PBXGroup;
			children = (
				D7A3592A2523C8EC00420D29 /* ViewController.swift */,
				D749CACA2523E91D00F975EA /* DetailsViewController.swift */,
			);
			path = Controller;
			sourceTree = "<group>";
		};
		D7A3591A2523C8EC00420D29 = {
			isa = PBXGroup;
			children = (
				D7A359252523C8EC00420D29 /* List-Pokemon! */,
				D7A359242523C8EC00420D29 /* Products */,
			);
			sourceTree = "<group>";
		};
		D7A359242523C8EC00420D29 /* Products */ = {
			isa = PBXGroup;
			children = (
				D7A359232523C8EC00420D29 /* List-Pokemon!.app */,
			);
			name = Products;
			sourceTree = "<group>";
		};
		D7A359252523C8EC00420D29 /* List-Pokemon! */ = {
			isa = PBXGroup;
			children = (
				D7A3593A2523C92000420D29 /* Supporting Files */,
				D749CACC2523E93400F975EA /* Controller */,
				D7A3592C2523C8EC00420D29 /* Main.storyboard */,
				D7A3592F2523C8EF00420D29 /* Assets.xcassets */,
				D7A359342523C8EF00420D29 /* Info.plist */,
				D72555832523CE5D002ACCCB /* Models */,
			);
			path = "List-Pokemon!";
			sourceTree = "<group>";
		};
		D7A3593A2523C92000420D29 /* Supporting Files */ = {
			isa = PBXGroup;
			children = (
				D7A3593B2523CC1D00420D29 /* Constants.swift */,
				D7A359262523C8EC00420D29 /* AppDelegate.swift */,
				D7A359282523C8EC00420D29 /* SceneDelegate.swift */,
				D7A359312523C8EF00420D29 /* LaunchScreen.storyboard */,
			);
			path = "Supporting Files";
			sourceTree = "<group>";
		};
/* End PBXGroup section */

/* Begin PBXNativeTarget section */
		D7A359222523C8EC00420D29 /* List-Pokemon! */ = {
			isa = PBXNativeTarget;
			buildConfigurationList = D7A359372523C8EF00420D29 /* Build configuration list for PBXNativeTarget "List-Pokemon!" */;
			buildPhases = (
				D7A3591F2523C8EC00420D29 /* Sources */,
				D7A359202523C8EC00420D29 /* Frameworks */,
				D7A359212523C8EC00420D29 /* Resources */,
			);
			buildRules = (
			);
			dependencies = (
			);
			name = "List-Pokemon!";
			productName = "List-Pokemon!";
			productReference = D7A359232523C8EC00420D29 /* List-Pokemon!.app */;
			productType = "com.apple.product-type.application";
		};
/* End PBXNativeTarget section */

/* Begin PBXProject section */
		D7A3591B2523C8EC00420D29 /* Project object */ = {
			isa = PBXProject;
			attributes = {
				LastSwiftUpdateCheck = 1160;
				LastUpgradeCheck = 1160;
				ORGANIZATIONNAME = "Adriano Rodrigues Vieira";
				TargetAttributes = {
					D7A359222523C8EC00420D29 = {
						CreatedOnToolsVersion = 11.6;
					};
				};
			};
			buildConfigurationList = D7A3591E2523C8EC00420D29 /* Build configuration list for PBXProject "List-Pokemon!" */;
			compatibilityVersion = "Xcode 9.3";
			developmentRegion = en;
			hasScannedForEncodings = 0;
			knownRegions = (
				en,
				Base,
			);
			mainGroup = D7A3591A2523C8EC00420D29;
			productRefGroup = D7A359242523C8EC00420D29 /* Products */;
			projectDirPath = "";
			projectRoot = "";
			targets = (
				D7A359222523C8EC00420D29 /* List-Pokemon! */,
			);
		};
/* End PBXProject section */

/* Begin PBXResourcesBuildPhase section */
		D7A359212523C8EC00420D29 /* Resources */ = {
			isa = PBXResourcesBuildPhase;
			buildActionMask = 2147483647;
			files = (
				D7A359332523C8EF00420D29 /* LaunchScreen.storyboard in Resources */,
				D7A359302523C8EF00420D29 /* Assets.xcassets in Resources */,
				D7A3592E2523C8EC00420D29 /* Main.storyboard in Resources */,
			);
			runOnlyForDeploymentPostprocessing = 0;
		};
/* End PBXResourcesBuildPhase section */

/* Begin PBXSourcesBuildPhase section */
		D7A3591F2523C8EC00420D29 /* Sources */ = {
			isa = PBXSourcesBuildPhase;
			buildActionMask = 2147483647;
			files = (
				D7A3592B2523C8EC00420D29 /* ViewController.swift in Sources */,
				D72555822523CE44002ACCCB /* PokemonName.swift in Sources */,
				D7A359272523C8EC00420D29 /* AppDelegate.swift in Sources */,
				D7A359292523C8EC00420D29 /* SceneDelegate.swift in Sources */,
				D749CACB2523E91D00F975EA /* DetailsViewController.swift in Sources */,
				D7A3593C2523CC1D00420D29 /* Constants.swift in Sources */,
				D7EC60D02523F24B0075B144 /* PokemonDetails.swift in Sources */,
				D749CAC92523D25200F975EA /* ContentData.swift in Sources */,
			);
			runOnlyForDeploymentPostprocessing = 0;
		};
/* End PBXSourcesBuildPhase section */

/* Begin PBXVariantGroup section */
		D7A3592C2523C8EC00420D29 /* Main.storyboard */ = {
			isa = PBXVariantGroup;
			children = (
				D7A3592D2523C8EC00420D29 /* Base */,
			);
			name = Main.storyboard;
			sourceTree = "<group>";
		};
		D7A359312523C8EF00420D29 /* LaunchScreen.storyboard */ = {
			isa = PBXVariantGroup;
			children = (
				D7A359322523C8EF00420D29 /* Base */,
			);
			name = LaunchScreen.storyboard;
			sourceTree = "<group>";
		};
/* End PBXVariantGroup section */

/* Begin XCBuildConfiguration section */
		D7A359352523C8EF00420D29 /* Debug */ = {
			isa = XCBuildConfiguration;
			buildSettings = {
				ALWAYS_SEARCH_USER_PATHS = NO;
				CLANG_ANALYZER_NONNULL = YES;
				CLANG_ANALYZER_NUMBER_OBJECT_CONVERSION = YES_AGGRESSIVE;
				CLANG_CXX_LANGUAGE_STANDARD = "gnu++14";
				CLANG_CXX_LIBRARY = "libc++";
				CLANG_ENABLE_MODULES = YES;
				CLANG_ENABLE_OBJC_ARC = YES;
				CLANG_ENABLE_OBJC_WEAK = YES;
				CLANG_WARN_BLOCK_CAPTURE_AUTORELEASING = YES;
				CLANG_WARN_BOOL_CONVERSION = YES;
				CLANG_WARN_COMMA = YES;
				CLANG_WARN_CONSTANT_CONVERSION = YES;
				CLANG_WARN_DEPRECATED_OBJC_IMPLEMENTATIONS = YES;
				CLANG_WARN_DIRECT_OBJC_ISA_USAGE = YES_ERROR;
				CLANG_WARN_DOCUMENTATION_COMMENTS = YES;
				CLANG_WARN_EMPTY_BODY = YES;
				CLANG_WARN_ENUM_CONVERSION = YES;
				CLANG_WARN_INFINITE_RECURSION = YES;
				CLANG_WARN_INT_CONVERSION = YES;
				CLANG_WARN_NON_LITERAL_NULL_CONVERSION = YES;
				CLANG_WARN_OBJC_IMPLICIT_RETAIN_SELF = YES;
				CLANG_WARN_OBJC_LITERAL_CONVERSION = YES;
				CLANG_WARN_OBJC_ROOT_CLASS = YES_ERROR;
				CLANG_WARN_RANGE_LOOP_ANALYSIS = YES;
				CLANG_WARN_STRICT_PROTOTYPES = YES;
				CLANG_WARN_SUSPICIOUS_MOVE = YES;
				CLANG_WARN_UNGUARDED_AVAILABILITY = YES_AGGRESSIVE;
				CLANG_WARN_UNREACHABLE_CODE = YES;
				CLANG_WARN__DUPLICATE_METHOD_MATCH = YES;
				COPY_PHASE_STRIP = NO;
				DEBUG_INFORMATION_FORMAT = dwarf;
				ENABLE_STRICT_OBJC_MSGSEND = YES;
				ENABLE_TESTABILITY = YES;
				GCC_C_LANGUAGE_STANDARD = gnu11;
				GCC_DYNAMIC_NO_PIC = NO;
				GCC_NO_COMMON_BLOCKS = YES;
				GCC_OPTIMIZATION_LEVEL = 0;
				GCC_PREPROCESSOR_DEFINITIONS = (
					"DEBUG=1",
					"$(inherited)",
				);
				GCC_WARN_64_TO_32_BIT_CONVERSION = YES;
				GCC_WARN_ABOUT_RETURN_TYPE = YES_ERROR;
				GCC_WARN_UNDECLARED_SELECTOR = YES;
				GCC_WARN_UNINITIALIZED_AUTOS = YES_AGGRESSIVE;
				GCC_WARN_UNUSED_FUNCTION = YES;
				GCC_WARN_UNUSED_VARIABLE = YES;
				IPHONEOS_DEPLOYMENT_TARGET = 13.6;
				MTL_ENABLE_DEBUG_INFO = INCLUDE_SOURCE;
				MTL_FAST_MATH = YES;
				ONLY_ACTIVE_ARCH = YES;
				SDKROOT = iphoneos;
				SWIFT_ACTIVE_COMPILATION_CONDITIONS = DEBUG;
				SWIFT_OPTIMIZATION_LEVEL = "-Onone";
			};
			name = Debug;
		};
		D7A359362523C8EF00420D29 /* Release */ = {
			isa = XCBuildConfiguration;
			buildSettings = {
				ALWAYS_SEARCH_USER_PATHS = NO;
				CLANG_ANALYZER_NONNULL = YES;
				CLANG_ANALYZER_NUMBER_OBJECT_CONVERSION = YES_AGGRESSIVE;
				CLANG_CXX_LANGUAGE_STANDARD = "gnu++14";
				CLANG_CXX_LIBRARY = "libc++";
				CLANG_ENABLE_MODULES = YES;
				CLANG_ENABLE_OBJC_ARC = YES;
				CLANG_ENABLE_OBJC_WEAK = YES;
				CLANG_WARN_BLOCK_CAPTURE_AUTORELEASING = YES;
				CLANG_WARN_BOOL_CONVERSION = YES;
				CLANG_WARN_COMMA = YES;
				CLANG_WARN_CONSTANT_CONVERSION = YES;
				CLANG_WARN_DEPRECATED_OBJC_IMPLEMENTATIONS = YES;
				CLANG_WARN_DIRECT_OBJC_ISA_USAGE = YES_ERROR;
				CLANG_WARN_DOCUMENTATION_COMMENTS = YES;
				CLANG_WARN_EMPTY_BODY = YES;
				CLANG_WARN_ENUM_CONVERSION = YES;
				CLANG_WARN_INFINITE_RECURSION = YES;
				CLANG_WARN_INT_CONVERSION = YES;
				CLANG_WARN_NON_LITERAL_NULL_CONVERSION = YES;
				CLANG_WARN_OBJC_IMPLICIT_RETAIN_SELF = YES;
				CLANG_WARN_OBJC_LITERAL_CONVERSION = YES;
				CLANG_WARN_OBJC_ROOT_CLASS = YES_ERROR;
				CLANG_WARN_RANGE_LOOP_ANALYSIS = YES;
				CLANG_WARN_STRICT_PROTOTYPES = YES;
				CLANG_WARN_SUSPICIOUS_MOVE = YES;
				CLANG_WARN_UNGUARDED_AVAILABILITY = YES_AGGRESSIVE;
				CLANG_WARN_UNREACHABLE_CODE = YES;
				CLANG_WARN__DUPLICATE_METHOD_MATCH = YES;
				COPY_PHASE_STRIP = NO;
				DEBUG_INFORMATION_FORMAT = "dwarf-with-dsym";
				ENABLE_NS_ASSERTIONS = NO;
				ENABLE_STRICT_OBJC_MSGSEND = YES;
				GCC_C_LANGUAGE_STANDARD = gnu11;
				GCC_NO_COMMON_BLOCKS = YES;
				GCC_WARN_64_TO_32_BIT_CONVERSION = YES;
				GCC_WARN_ABOUT_RETURN_TYPE = YES_ERROR;
				GCC_WARN_UNDECLARED_SELECTOR = YES;
				GCC_WARN_UNINITIALIZED_AUTOS = YES_AGGRESSIVE;
				GCC_WARN_UNUSED_FUNCTION = YES;
				GCC_WARN_UNUSED_VARIABLE = YES;
				IPHONEOS_DEPLOYMENT_TARGET = 13.6;
				MTL_ENABLE_DEBUG_INFO = NO;
				MTL_FAST_MATH = YES;
				SDKROOT = iphoneos;
				SWIFT_COMPILATION_MODE = wholemodule;
				SWIFT_OPTIMIZATION_LEVEL = "-O";
				VALIDATE_PRODUCT = YES;
			};
			name = Release;
		};
		D7A359382523C8EF00420D29 /* Debug */ = {
			isa = XCBuildConfiguration;
			buildSettings = {
				ASSETCATALOG_COMPILER_APPICON_NAME = AppIcon;
				CODE_SIGN_STYLE = Automatic;
				DEVELOPMENT_TEAM = 2D9YSKR59P;
				INFOPLIST_FILE = "List-Pokemon!/Info.plist";
				LD_RUNPATH_SEARCH_PATHS = (
					"$(inherited)",
					"@executable_path/Frameworks",
				);
				PRODUCT_BUNDLE_IDENTIFIER = "br.com.adrianorodrigues.List-Pokemon-";
				PRODUCT_NAME = "$(TARGET_NAME)";
				SWIFT_VERSION = 5.0;
				TARGETED_DEVICE_FAMILY = "1,2";
			};
			name = Debug;
		};
		D7A359392523C8EF00420D29 /* Release */ = {
			isa = XCBuildConfiguration;
			buildSettings = {
				ASSETCATALOG_COMPILER_APPICON_NAME = AppIcon;
				CODE_SIGN_STYLE = Automatic;
				DEVELOPMENT_TEAM = 2D9YSKR59P;
				INFOPLIST_FILE = "List-Pokemon!/Info.plist";
				LD_RUNPATH_SEARCH_PATHS = (
					"$(inherited)",
					"@executable_path/Frameworks",
				);
				PRODUCT_BUNDLE_IDENTIFIER = "br.com.adrianorodrigues.List-Pokemon-";
				PRODUCT_NAME = "$(TARGET_NAME)";
				SWIFT_VERSION = 5.0;
				TARGETED_DEVICE_FAMILY = "1,2";
			};
			name = Release;
		};
/* End XCBuildConfiguration section */

/* Begin XCConfigurationList section */
		D7A3591E2523C8EC00420D29 /* Build configuration list for PBXProject "List-Pokemon!" */ = {
			isa = XCConfigurationList;
			buildConfigurations = (
				D7A359352523C8EF00420D29 /* Debug */,
				D7A359362523C8EF00420D29 /* Release */,
			);
			defaultConfigurationIsVisible = 0;
			defaultConfigurationName = Release;
		};
		D7A359372523C8EF00420D29 /* Build configuration list for PBXNativeTarget "List-Pokemon!" */ = {
			isa = XCConfigurationList;
			buildConfigurations = (
				D7A359382523C8EF00420D29 /* Debug */,
				D7A359392523C8EF00420D29 /* Release */,
			);
			defaultConfigurationIsVisible = 0;
			defaultConfigurationName = Release;
		};
/* End XCConfigurationList section */
	};
	rootObject = D7A3591B2523C8EC00420D29 /* Project object */;
}
